
Microsoft Visual Studio Solution File, Format Version 12.00
# Visual Studio Version 17
VisualStudioVersion = 17.0.31903.59
MinimumVisualStudioVersion = 10.0.40219.1
Project("{FAE04EC0-301F-11D3-BF4B-00C04F79EFBC}") = "API", "API\API.csproj", "{FF36EDB2-3028-4AC1-8F9A-95DC13CA0354}"
EndProject
Project("{FAE04EC0-301F-11D3-BF4B-00C04F79EFBC}") = "Core", "Core\Core.csproj", "{0734941A-F013-4D1D-915D-4D7CE10EE3AA}"
EndProject
Project("{FAE04EC0-301F-11D3-BF4B-00C04F79EFBC}") = "Infrastructure", "Infrastructure\Infrastructure.csproj", "{D590D82D-0460-4EEE-9B78-019ADB92E28A}"
EndProject
Global
	GlobalSection(SolutionConfigurationPlatforms) = preSolution
		Debug|Any CPU = Debug|Any CPU
		Release|Any CPU = Release|Any CPU
	EndGlobalSection
	GlobalSection(SolutionProperties) = preSolution
		HideSolutionNode = FALSE
	EndGlobalSection
	GlobalSection(ProjectConfigurationPlatforms) = postSolution
		{FF36EDB2-3028-4AC1-8F9A-95DC13CA0354}.Debug|Any CPU.ActiveCfg = Debug|Any CPU
		{FF36EDB2-3028-4AC1-8F9A-95DC13CA0354}.Debug|Any CPU.Build.0 = Debug|Any CPU
		{FF36EDB2-3028-4AC1-8F9A-95DC13CA0354}.Release|Any CPU.ActiveCfg = Release|Any CPU
		{FF36EDB2-3028-4AC1-8F9A-95DC13CA0354}.Release|Any CPU.Build.0 = Release|Any CPU
		{0734941A-F013-4D1D-915D-4D7CE10EE3AA}.Debug|Any CPU.ActiveCfg = Debug|Any CPU
		{0734941A-F013-4D1D-915D-4D7CE10EE3AA}.Debug|Any CPU.Build.0 = Debug|Any CPU
		{0734941A-F013-4D1D-915D-4D7CE10EE3AA}.Release|Any CPU.ActiveCfg = Release|Any CPU
		{0734941A-F013-4D1D-915D-4D7CE10EE3AA}.Release|Any CPU.Build.0 = Release|Any CPU
		{D590D82D-0460-4EEE-9B78-019ADB92E28A}.Debug|Any CPU.ActiveCfg = Debug|Any CPU
		{D590D82D-0460-4EEE-9B78-019ADB92E28A}.Debug|Any CPU.Build.0 = Debug|Any CPU
		{D590D82D-0460-4EEE-9B78-019ADB92E28A}.Release|Any CPU.ActiveCfg = Release|Any CPU
		{D590D82D-0460-4EEE-9B78-019ADB92E28A}.Release|Any CPU.Build.0 = Release|Any CPU
	EndGlobalSection
EndGlobal
